
Microsoft Visual Studio Solution File, Format Version 12.00
# Visual Studio Version 17
VisualStudioVersion = 17.2.32526.322
MinimumVisualStudioVersion = 10.0.40219.1
Project("{9A19103F-16F7-4668-BE54-9A1E7A4F7556}") = "AA01 體驗 非同步工作 與 非同步方法 的不同", "AA01 體驗 非同步工作 與 非同步方法 的不同\AA01 體驗 非同步工作 與 非同步方法 的不同.csproj", "{E5A69789-3800-49D0-8E79-09458362956F}"
EndProject
Project("{9A19103F-16F7-4668-BE54-9A1E7A4F7556}") = "AA02 同步 TAP (含ValueTask) async方法 效能表現", "AA02 同步 TAP (含ValueTask) async方法 效能表現\AA02 同步 TAP (含ValueTask) async方法 效能表現.csproj", "{56F6FAEA-AF33-4308-A1A0-560315D8B451}"
EndProject
Project("{9A19103F-16F7-4668-BE54-9A1E7A4F7556}") = "AA03 APM - 使用 WebRequest 類別要求資料 - 同步設計", "AA03 APM - 使用 WebRequest 類別要求資料 - 同步設計\AA03 APM - 使用 WebRequest 類別要求資料 - 同步設計.csproj", "{FF38B580-6B8C-4B00-B9E7-1B8FC31A1E52}"
EndProject
Project("{9A19103F-16F7-4668-BE54-9A1E7A4F7556}") = "AA04 APM - 使用 WebRequest 類別要求資料 - 非同步設計", "AA04 APM - 使用 WebRequest 類別要求資料 - 非同步設計\AA04 APM - 使用 WebRequest 類別要求資料 - 非同步設計.csproj", "{CF525852-1139-4C60-9908-2665DE9753D1}"
EndProject
Project("{9A19103F-16F7-4668-BE54-9A1E7A4F7556}") = "AA05 EAP - 使用 WebClient 類別要求資料 - 同步設計", "AA05 EAP - 使用 WebClient 類別要求資料 - 同步設計\AA05 EAP - 使用 WebClient 類別要求資料 - 同步設計.csproj", "{83D6757E-2802-4AC1-9B67-6E93753C5FCE}"
EndProject
Project("{9A19103F-16F7-4668-BE54-9A1E7A4F7556}") = "AA06 EAP - 使用 WebClient 類別要求資料 - 非同步設計", "AA06 EAP - 使用 WebClient 類別要求資料 - 非同步設計\AA06 EAP - 使用 WebClient 類別要求資料 - 非同步設計.csproj", "{03E4B7FA-6C6F-497E-AEF8-B4BFF2A779FA}"
EndProject
Project("{9A19103F-16F7-4668-BE54-9A1E7A4F7556}") = "AA07 TAP - 使用 HttpClient 類別要求資料 - 同步設計", "AA07 TAP - 使用 HttpClient 類別要求資料 - 同步設計\AA07 TAP - 使用 HttpClient 類別要求資料 - 同步設計.csproj", "{DFE78E87-8985-485F-A8A1-4F3F00AFEAA2}"
EndProject
Project("{9A19103F-16F7-4668-BE54-9A1E7A4F7556}") = "AA08 TAP - 使用 HttpClient 類別要求資料 - 非同步設計", "AA08 TAP - 使用 HttpClient 類別要求資料 - 非同步設計\AA08 TAP - 使用 HttpClient 類別要求資料 - 非同步設計.csproj", "{7272EDFD-C84A-4ECA-827F-927A2DC5C963}"
EndProject
Project("{9A19103F-16F7-4668-BE54-9A1E7A4F7556}") = "AA09 使用 async await 進行要求資料 - 非同步設計", "AA09 使用 async await 進行要求資料 - 非同步設計\AA09 使用 async await 進行要求資料 - 非同步設計.csproj", "{C59F6B54-C6A2-4177-9C20-777C03A87FE6}"
EndProject
Project("{9A19103F-16F7-4668-BE54-9A1E7A4F7556}") = "AA10 await 執行分解動作", "AA10 await 執行分解動作\AA10 await 執行分解動作.csproj", "{8D9B7E8E-3DEF-4CB6-820A-0A69B9D4B3C8}"
EndProject
Project("{9A19103F-16F7-4668-BE54-9A1E7A4F7556}") = "AA11 編譯器對 async await 做了什麼事情", "AA11 編譯器對 async await 做了什麼事情\AA11 編譯器對 async await 做了什麼事情.csproj", "{680D6CD7-EBC2-40C7-80D9-ADDD427A0F6B}"
EndProject
Project("{9A19103F-16F7-4668-BE54-9A1E7A4F7556}") = "AA12 探究編譯器對程式碼做了哪些改變與產生甚麼程式碼", "AA12 探究編譯器對程式碼做了哪些改變與產生甚麼程式碼\AA12 探究編譯器對程式碼做了哪些改變與產生甚麼程式碼.csproj", "{837E7991-560F-4B08-BB6E-8198D55B3C1B}"
EndProject
Project("{9A19103F-16F7-4668-BE54-9A1E7A4F7556}") = "AA13 反組譯 查看 迭代器 Iterator 實作作法", "AA13 反組譯 查看 迭代器 Iterator 實作作法\AA13 反組譯 查看 迭代器 Iterator 實作作法.csproj", "{4948AB7C-1EE3-497F-A855-0A62457213F0}"
EndProject
Project("{FAE04EC0-301F-11D3-BF4B-00C04F79EFBC}") = "AA14 async 方法內有多個 await 練習", "AA14 async 方法內有多個 await 練習\AA14 async 方法內有多個 await 練習.csproj", "{535B6057-D486-4D9C-A5AB-D610138C9728}"
EndProject
Project("{FAE04EC0-301F-11D3-BF4B-00C04F79EFBC}") = "AA15 在 async 方法內沒有使用 await 效能分析", "AA15 在 async 方法內沒有使用 await 效能分析\AA15 在 async 方法內沒有使用 await 效能分析.csproj", "{21EFDF3C-2474-4DA7-93B2-9A63D6F3B6E9}"
EndProject
Project("{FAE04EC0-301F-11D3-BF4B-00C04F79EFBC}") = "AA16 非同步 Task 在執行中，不一定會用到執行緒的範例", "AA16 非同步 Task 在執行中，不一定會用到執行緒的範例\AA16 非同步 Task 在執行中，不一定會用到執行緒的範例.csproj", "{F77B34C8-2A9C-4103-B744-4DB87ABAE6B8}"
EndProject
Global
	GlobalSection(SolutionConfigurationPlatforms) = preSolution
		Debug|Any CPU = Debug|Any CPU
		Release|Any CPU = Release|Any CPU
	EndGlobalSection
	GlobalSection(ProjectConfigurationPlatforms) = postSolution
		{E5A69789-3800-49D0-8E79-09458362956F}.Debug|Any CPU.ActiveCfg = Debug|Any CPU
		{E5A69789-3800-49D0-8E79-09458362956F}.Debug|Any CPU.Build.0 = Debug|Any CPU
		{E5A69789-3800-49D0-8E79-09458362956F}.Release|Any CPU.ActiveCfg = Release|Any CPU
		{E5A69789-3800-49D0-8E79-09458362956F}.Release|Any CPU.Build.0 = Release|Any CPU
		{56F6FAEA-AF33-4308-A1A0-560315D8B451}.Debug|Any CPU.ActiveCfg = Debug|Any CPU
		{56F6FAEA-AF33-4308-A1A0-560315D8B451}.Debug|Any CPU.Build.0 = Debug|Any CPU
		{56F6FAEA-AF33-4308-A1A0-560315D8B451}.Release|Any CPU.ActiveCfg = Release|Any CPU
		{56F6FAEA-AF33-4308-A1A0-560315D8B451}.Release|Any CPU.Build.0 = Release|Any CPU
		{FF38B580-6B8C-4B00-B9E7-1B8FC31A1E52}.Debug|Any CPU.ActiveCfg = Debug|Any CPU
		{FF38B580-6B8C-4B00-B9E7-1B8FC31A1E52}.Debug|Any CPU.Build.0 = Debug|Any CPU
		{FF38B580-6B8C-4B00-B9E7-1B8FC31A1E52}.Release|Any CPU.ActiveCfg = Release|Any CPU
		{FF38B580-6B8C-4B00-B9E7-1B8FC31A1E52}.Release|Any CPU.Build.0 = Release|Any CPU
		{CF525852-1139-4C60-9908-2665DE9753D1}.Debug|Any CPU.ActiveCfg = Debug|Any CPU
		{CF525852-1139-4C60-9908-2665DE9753D1}.Debug|Any CPU.Build.0 = Debug|Any CPU
		{CF525852-1139-4C60-9908-2665DE9753D1}.Release|Any CPU.ActiveCfg = Release|Any CPU
		{CF525852-1139-4C60-9908-2665DE9753D1}.Release|Any CPU.Build.0 = Release|Any CPU
		{83D6757E-2802-4AC1-9B67-6E93753C5FCE}.Debug|Any CPU.ActiveCfg = Debug|Any CPU
		{83D6757E-2802-4AC1-9B67-6E93753C5FCE}.Debug|Any CPU.Build.0 = Debug|Any CPU
		{83D6757E-2802-4AC1-9B67-6E93753C5FCE}.Release|Any CPU.ActiveCfg = Release|Any CPU
		{83D6757E-2802-4AC1-9B67-6E93753C5FCE}.Release|Any CPU.Build.0 = Release|Any CPU
		{03E4B7FA-6C6F-497E-AEF8-B4BFF2A779FA}.Debug|Any CPU.ActiveCfg = Debug|Any CPU
		{03E4B7FA-6C6F-497E-AEF8-B4BFF2A779FA}.Debug|Any CPU.Build.0 = Debug|Any CPU
		{03E4B7FA-6C6F-497E-AEF8-B4BFF2A779FA}.Release|Any CPU.ActiveCfg = Release|Any CPU
		{03E4B7FA-6C6F-497E-AEF8-B4BFF2A779FA}.Release|Any CPU.Build.0 = Release|Any CPU
		{DFE78E87-8985-485F-A8A1-4F3F00AFEAA2}.Debug|Any CPU.ActiveCfg = Debug|Any CPU
		{DFE78E87-8985-485F-A8A1-4F3F00AFEAA2}.Debug|Any CPU.Build.0 = Debug|Any CPU
		{DFE78E87-8985-485F-A8A1-4F3F00AFEAA2}.Release|Any CPU.ActiveCfg = Release|Any CPU
		{DFE78E87-8985-485F-A8A1-4F3F00AFEAA2}.Release|Any CPU.Build.0 = Release|Any CPU
		{7272EDFD-C84A-4ECA-827F-927A2DC5C963}.Debug|Any CPU.ActiveCfg = Debug|Any CPU
		{7272EDFD-C84A-4ECA-827F-927A2DC5C963}.Debug|Any CPU.Build.0 = Debug|Any CPU
		{7272EDFD-C84A-4ECA-827F-927A2DC5C963}.Release|Any CPU.ActiveCfg = Release|Any CPU
		{7272EDFD-C84A-4ECA-827F-927A2DC5C963}.Release|Any CPU.Build.0 = Release|Any CPU
		{C59F6B54-C6A2-4177-9C20-777C03A87FE6}.Debug|Any CPU.ActiveCfg = Debug|Any CPU
		{C59F6B54-C6A2-4177-9C20-777C03A87FE6}.Debug|Any CPU.Build.0 = Debug|Any CPU
		{C59F6B54-C6A2-4177-9C20-777C03A87FE6}.Release|Any CPU.ActiveCfg = Release|Any CPU
		{C59F6B54-C6A2-4177-9C20-777C03A87FE6}.Release|Any CPU.Build.0 = Release|Any CPU
		{8D9B7E8E-3DEF-4CB6-820A-0A69B9D4B3C8}.Debug|Any CPU.ActiveCfg = Debug|Any CPU
		{8D9B7E8E-3DEF-4CB6-820A-0A69B9D4B3C8}.Debug|Any CPU.Build.0 = Debug|Any CPU
		{8D9B7E8E-3DEF-4CB6-820A-0A69B9D4B3C8}.Release|Any CPU.ActiveCfg = Release|Any CPU
		{8D9B7E8E-3DEF-4CB6-820A-0A69B9D4B3C8}.Release|Any CPU.Build.0 = Release|Any CPU
		{680D6CD7-EBC2-40C7-80D9-ADDD427A0F6B}.Debug|Any CPU.ActiveCfg = Debug|Any CPU
		{680D6CD7-EBC2-40C7-80D9-ADDD427A0F6B}.Debug|Any CPU.Build.0 = Debug|Any CPU
		{680D6CD7-EBC2-40C7-80D9-ADDD427A0F6B}.Release|Any CPU.ActiveCfg = Release|Any CPU
		{680D6CD7-EBC2-40C7-80D9-ADDD427A0F6B}.Release|Any CPU.Build.0 = Release|Any CPU
		{837E7991-560F-4B08-BB6E-8198D55B3C1B}.Debug|Any CPU.ActiveCfg = Debug|Any CPU
		{837E7991-560F-4B08-BB6E-8198D55B3C1B}.Debug|Any CPU.Build.0 = Debug|Any CPU
		{837E7991-560F-4B08-BB6E-8198D55B3C1B}.Release|Any CPU.ActiveCfg = Release|Any CPU
		{837E7991-560F-4B08-BB6E-8198D55B3C1B}.Release|Any CPU.Build.0 = Release|Any CPU
		{4948AB7C-1EE3-497F-A855-0A62457213F0}.Debug|Any CPU.ActiveCfg = Debug|Any CPU
		{4948AB7C-1EE3-497F-A855-0A62457213F0}.Debug|Any CPU.Build.0 = Debug|Any CPU
		{4948AB7C-1EE3-497F-A855-0A62457213F0}.Release|Any CPU.ActiveCfg = Release|Any CPU
		{4948AB7C-1EE3-497F-A855-0A62457213F0}.Release|Any CPU.Build.0 = Release|Any CPU
		{535B6057-D486-4D9C-A5AB-D610138C9728}.Debug|Any CPU.ActiveCfg = Debug|Any CPU
		{535B6057-D486-4D9C-A5AB-D610138C9728}.Debug|Any CPU.Build.0 = Debug|Any CPU
		{535B6057-D486-4D9C-A5AB-D610138C9728}.Release|Any CPU.ActiveCfg = Release|Any CPU
		{535B6057-D486-4D9C-A5AB-D610138C9728}.Release|Any CPU.Build.0 = Release|Any CPU
		{21EFDF3C-2474-4DA7-93B2-9A63D6F3B6E9}.Debug|Any CPU.ActiveCfg = Debug|Any CPU
		{21EFDF3C-2474-4DA7-93B2-9A63D6F3B6E9}.Debug|Any CPU.Build.0 = Debug|Any CPU
		{21EFDF3C-2474-4DA7-93B2-9A63D6F3B6E9}.Release|Any CPU.ActiveCfg = Release|Any CPU
		{21EFDF3C-2474-4DA7-93B2-9A63D6F3B6E9}.Release|Any CPU.Build.0 = Release|Any CPU
		{F77B34C8-2A9C-4103-B744-4DB87ABAE6B8}.Debug|Any CPU.ActiveCfg = Debug|Any CPU
		{F77B34C8-2A9C-4103-B744-4DB87ABAE6B8}.Debug|Any CPU.Build.0 = Debug|Any CPU
		{F77B34C8-2A9C-4103-B744-4DB87ABAE6B8}.Release|Any CPU.ActiveCfg = Release|Any CPU
		{F77B34C8-2A9C-4103-B744-4DB87ABAE6B8}.Release|Any CPU.Build.0 = Release|Any CPU
	EndGlobalSection
	GlobalSection(SolutionProperties) = preSolution
		HideSolutionNode = FALSE
	EndGlobalSection
	GlobalSection(ExtensibilityGlobals) = postSolution
		SolutionGuid = {232A4624-B379-40F1-8A6C-B292CDC64827}
	EndGlobalSection
EndGlobal
