
Microsoft Visual Studio Solution File, Format Version 12.00
# Visual Studio Version 17
VisualStudioVersion = 17.2.32526.322
MinimumVisualStudioVersion = 10.0.40219.1
Project("{9A19103F-16F7-4668-BE54-9A1E7A4F7556}") = "AA01 體驗 非同步工作 與 非同步方法 的不同", "AA01 體驗 非同步工作 與 非同步方法 的不同\AA01 體驗 非同步工作 與 非同步方法 的不同.csproj", "{E5A69789-3800-49D0-8E79-09458362956F}"
EndProject
Project("{9A19103F-16F7-4668-BE54-9A1E7A4F7556}") = "AA02 同步 TAP (含ValueTask) async方法 效能表現", "AA02 同步 TAP (含ValueTask) async方法 效能表現\AA02 同步 TAP (含ValueTask) async方法 效能表現.csproj", "{56F6FAEA-AF33-4308-A1A0-560315D8B451}"
EndProject
Project("{FAE04EC0-301F-11D3-BF4B-00C04F79EFBC}") = "AA03 APM - 使用 WebRequest 類別要求資料 - 同步設計", "AA03 APM - 使用 WebRequest 類別要求資料 - 同步設計\AA03 APM - 使用 WebRequest 類別要求資料 - 同步設計.csproj", "{FF38B580-6B8C-4B00-B9E7-1B8FC31A1E52}"
EndProject
Project("{FAE04EC0-301F-11D3-BF4B-00C04F79EFBC}") = "AA04 APM - 使用 WebRequest 類別要求資料 - 非同步設計", "AA04 APM - 使用 WebRequest 類別要求資料 - 非同步設計\AA04 APM - 使用 WebRequest 類別要求資料 - 非同步設計.csproj", "{CF525852-1139-4C60-9908-2665DE9753D1}"
EndProject
Project("{FAE04EC0-301F-11D3-BF4B-00C04F79EFBC}") = "AA05 EAP - 使用 WebClient 類別要求資料 - 同步設計", "AA05 EAP - 使用 WebClient 類別要求資料 - 同步設計\AA05 EAP - 使用 WebClient 類別要求資料 - 同步設計.csproj", "{83D6757E-2802-4AC1-9B67-6E93753C5FCE}"
EndProject
Project("{FAE04EC0-301F-11D3-BF4B-00C04F79EFBC}") = "AA06 EAP - 使用 WebClient 類別要求資料 - 非同步設計", "AA06 EAP - 使用 WebClient 類別要求資料 - 非同步設計\AA06 EAP - 使用 WebClient 類別要求資料 - 非同步設計.csproj", "{03E4B7FA-6C6F-497E-AEF8-B4BFF2A779FA}"
EndProject
Global
	GlobalSection(SolutionConfigurationPlatforms) = preSolution
		Debug|Any CPU = Debug|Any CPU
		Release|Any CPU = Release|Any CPU
	EndGlobalSection
	GlobalSection(ProjectConfigurationPlatforms) = postSolution
		{E5A69789-3800-49D0-8E79-09458362956F}.Debug|Any CPU.ActiveCfg = Debug|Any CPU
		{E5A69789-3800-49D0-8E79-09458362956F}.Debug|Any CPU.Build.0 = Debug|Any CPU
		{E5A69789-3800-49D0-8E79-09458362956F}.Release|Any CPU.ActiveCfg = Release|Any CPU
		{E5A69789-3800-49D0-8E79-09458362956F}.Release|Any CPU.Build.0 = Release|Any CPU
		{56F6FAEA-AF33-4308-A1A0-560315D8B451}.Debug|Any CPU.ActiveCfg = Debug|Any CPU
		{56F6FAEA-AF33-4308-A1A0-560315D8B451}.Debug|Any CPU.Build.0 = Debug|Any CPU
		{56F6FAEA-AF33-4308-A1A0-560315D8B451}.Release|Any CPU.ActiveCfg = Release|Any CPU
		{56F6FAEA-AF33-4308-A1A0-560315D8B451}.Release|Any CPU.Build.0 = Release|Any CPU
		{FF38B580-6B8C-4B00-B9E7-1B8FC31A1E52}.Debug|Any CPU.ActiveCfg = Debug|Any CPU
		{FF38B580-6B8C-4B00-B9E7-1B8FC31A1E52}.Debug|Any CPU.Build.0 = Debug|Any CPU
		{FF38B580-6B8C-4B00-B9E7-1B8FC31A1E52}.Release|Any CPU.ActiveCfg = Release|Any CPU
		{FF38B580-6B8C-4B00-B9E7-1B8FC31A1E52}.Release|Any CPU.Build.0 = Release|Any CPU
		{CF525852-1139-4C60-9908-2665DE9753D1}.Debug|Any CPU.ActiveCfg = Debug|Any CPU
		{CF525852-1139-4C60-9908-2665DE9753D1}.Debug|Any CPU.Build.0 = Debug|Any CPU
		{CF525852-1139-4C60-9908-2665DE9753D1}.Release|Any CPU.ActiveCfg = Release|Any CPU
		{CF525852-1139-4C60-9908-2665DE9753D1}.Release|Any CPU.Build.0 = Release|Any CPU
		{83D6757E-2802-4AC1-9B67-6E93753C5FCE}.Debug|Any CPU.ActiveCfg = Debug|Any CPU
		{83D6757E-2802-4AC1-9B67-6E93753C5FCE}.Debug|Any CPU.Build.0 = Debug|Any CPU
		{83D6757E-2802-4AC1-9B67-6E93753C5FCE}.Release|Any CPU.ActiveCfg = Release|Any CPU
		{83D6757E-2802-4AC1-9B67-6E93753C5FCE}.Release|Any CPU.Build.0 = Release|Any CPU
		{03E4B7FA-6C6F-497E-AEF8-B4BFF2A779FA}.Debug|Any CPU.ActiveCfg = Debug|Any CPU
		{03E4B7FA-6C6F-497E-AEF8-B4BFF2A779FA}.Debug|Any CPU.Build.0 = Debug|Any CPU
		{03E4B7FA-6C6F-497E-AEF8-B4BFF2A779FA}.Release|Any CPU.ActiveCfg = Release|Any CPU
		{03E4B7FA-6C6F-497E-AEF8-B4BFF2A779FA}.Release|Any CPU.Build.0 = Release|Any CPU
	EndGlobalSection
	GlobalSection(SolutionProperties) = preSolution
		HideSolutionNode = FALSE
	EndGlobalSection
	GlobalSection(ExtensibilityGlobals) = postSolution
		SolutionGuid = {232A4624-B379-40F1-8A6C-B292CDC64827}
	EndGlobalSection
EndGlobal
